bitbag_sylius_cms_plugin_admin_api_block:
    resource: |
        alias: bitbag_sylius_cms_plugin.block
        identifier: code
        except: ['show']
        section: admin_api
        form: BitBag\SyliusCmsPlugin\Form\Type\BlockType
        serialization_version: $version
        criteria:
            code: $code
    type: sylius.resource_api